// !$*UTF8*$!
{
	archiveVersion = 1;
	classes = {
	};
	objectVersion = 48;
	objects = {

/* Begin PBXBuildFile section */
		3425DD606F4ADACBDC2A7FFC /* Pods_Todoey.framework in Frameworks */ = {isa = PBXBuildFile; fileRef = 8A4D22F2952B06C71B38048B /* Pods_Todoey.framework */; };
		E112CED51FFDAB6B004D0B67 /* Item.swift in Sources */ = {isa = PBXBuildFile; fileRef = E112CED41FFDAB6B004D0B67 /* Item.swift */; };
		E112CED71FFDAB85004D0B67 /* Category.swift in Sources */ = {isa = PBXBuildFile; fileRef = E112CED61FFDAB85004D0B67 /* Category.swift */; };
		E1A1DCEE1FF995D100D1B950 /* CategoryViewController.swift in Sources */ = {isa = PBXBuildFile; fileRef = E1A1DCED1FF995D100D1B950 /* CategoryViewController.swift */; };
		E1ABDC2F1FEB8BBA00788884 /* AppDelegate.swift in Sources */ = {isa = PBXBuildFile; fileRef = E1ABDC2E1FEB8BBA00788884 /* AppDelegate.swift */; };
		E1ABDC311FEB8BBA00788884 /* TodoListViewController.swift in Sources */ = {isa = PBXBuildFile; fileRef = E1ABDC301FEB8BBA00788884 /* TodoListViewController.swift */; };
		E1ABDC341FEB8BBA00788884 /* Main.storyboard in Resources */ = {isa = PBXBuildFile; fileRef = E1ABDC321FEB8BBA00788884 /* Main.storyboard */; };
		E1ABDC361FEB8BBA00788884 /* Assets.xcassets in Resources */ = {isa = PBXBuildFile; fileRef = E1ABDC351FEB8BBA00788884 /* Assets.xcassets */; };
		E1ABDC391FEB8BBA00788884 /* LaunchScreen.storyboard in Resources */ = {isa = PBXBuildFile; fileRef = E1ABDC371FEB8BBA00788884 /* LaunchScreen.storyboard */; };
/* End PBXBuildFile section */

/* Begin PBXFileReference section */
		0F5ABC6D5E78CAFD357F7C44 /* Pods-Todoey.release.xcconfig */ = {isa = PBXFileReference; includeInIndex = 1; lastKnownFileType = text.xcconfig; name = "Pods-Todoey.release.xcconfig"; path = "Pods/Target Support Files/Pods-Todoey/Pods-Todoey.release.xcconfig"; sourceTree = "<group>"; };
		8A4D22F2952B06C71B38048B /* Pods_Todoey.framework */ = {isa = PBXFileReference; explicitFileType = wrapper.framework; includeInIndex = 0; path = Pods_Todoey.framework; sourceTree = BUILT_PRODUCTS_DIR; };
		C88973D8B5B0455E69A2B189 /* Pods-Todoey.debug.xcconfig */ = {isa = PBXFileReference; includeInIndex = 1; lastKnownFileType = text.xcconfig; name = "Pods-Todoey.debug.xcconfig"; path = "Pods/Target Support Files/Pods-Todoey/Pods-Todoey.debug.xcconfig"; sourceTree = "<group>"; };
		E112CED41FFDAB6B004D0B67 /* Item.swift */ = {isa = PBXFileReference; lastKnownFileType = sourcecode.swift; path = Item.swift; sourceTree = "<group>"; };
		E112CED61FFDAB85004D0B67 /* Category.swift */ = {isa = PBXFileReference; lastKnownFileType = sourcecode.swift; path = Category.swift; sourceTree = "<group>"; };
		E1A1DCED1FF995D100D1B950 /* CategoryViewController.swift */ = {isa = PBXFileReference; lastKnownFileType = sourcecode.swift; path = CategoryViewController.swift; sourceTree = "<group>"; };
		E1ABDC2B1FEB8BBA00788884 /* Todoey.app */ = {isa = PBXFileReference; explicitFileType = wrapper.application; includeInIndex = 0; path = Todoey.app; sourceTree = BUILT_PRODUCTS_DIR; };
		E1ABDC2E1FEB8BBA00788884 /* AppDelegate.swift */ = {isa = PBXFileReference; lastKnownFileType = sourcecode.swift; path = AppDelegate.swift; sourceTree = "<group>"; };
		E1ABDC301FEB8BBA00788884 /* TodoListViewController.swift */ = {isa = PBXFileReference; lastKnownFileType = sourcecode.swift; path = TodoListViewController.swift; sourceTree = "<group>"; };
		E1ABDC331FEB8BBA00788884 /* Base */ = {isa = PBXFileReference; lastKnownFileType = file.storyboard; name = Base; path = Base.lproj/Main.storyboard; sourceTree = "<group>"; };
		E1ABDC351FEB8BBA00788884 /* Assets.xcassets */ = {isa = PBXFileReference; lastKnownFileType = folder.assetcatalog; path = Assets.xcassets; sourceTree = "<group>"; };
		E1ABDC381FEB8BBA00788884 /* Base */ = {isa = PBXFileReference; lastKnownFileType = file.storyboard; name = Base; path = Base.lproj/LaunchScreen.storyboard; sourceTree = "<group>"; };
		E1ABDC3A1FEB8BBA00788884 /* Info.plist */ = {isa = PBXFileReference; lastKnownFileType = text.plist.xml; path = Info.plist; sourceTree = "<group>"; };
/* End PBXFileReference section */

/* Begin PBXFrameworksBuildPhase section */
		E1ABDC281FEB8BBA00788884 /* Frameworks */ = {
			isa = PBXFrameworksBuildPhase;
			buildActionMask = 2147483647;
			files = (
				3425DD606F4ADACBDC2A7FFC /* Pods_Todoey.framework in Frameworks */,
			);
			runOnlyForDeploymentPostprocessing = 0;
		};
/* End PBXFrameworksBuildPhase section */

/* Begin PBXGroup section */
		14C5F66CAB688B30BA24F990 /* Frameworks */ = {
			isa = PBXGroup;
			children = (
				8A4D22F2952B06C71B38048B /* Pods_Todoey.framework */,
			);
			name = Frameworks;
			sourceTree = "<group>";
		};
		B5A8E3946935F83B4A30B676 /* Pods */ = {
			isa = PBXGroup;
			children = (
				C88973D8B5B0455E69A2B189 /* Pods-Todoey.debug.xcconfig */,
				0F5ABC6D5E78CAFD357F7C44 /* Pods-Todoey.release.xcconfig */,
			);
			name = Pods;
			sourceTree = "<group>";
		};
		E17204191FF05F24006E67E7 /* Data Model */ = {
			isa = PBXGroup;
			children = (
				E112CED61FFDAB85004D0B67 /* Category.swift */,
				E112CED41FFDAB6B004D0B67 /* Item.swift */,
			);
			path = "Data Model";
			sourceTree = "<group>";
		};
		E172041A1FF05F48006E67E7 /* Controllers */ = {
			isa = PBXGroup;
			children = (
				E1A1DCED1FF995D100D1B950 /* CategoryViewController.swift */,
				E1ABDC301FEB8BBA00788884 /* TodoListViewController.swift */,
			);
			path = Controllers;
			sourceTree = "<group>";
		};
		E172041B1FF05F52006E67E7 /* Views */ = {
			isa = PBXGroup;
			children = (
				E1ABDC321FEB8BBA00788884 /* Main.storyboard */,
			);
			path = Views;
			sourceTree = "<group>";
		};
		E172041C1FF05FAC006E67E7 /* Supporting Files */ = {
			isa = PBXGroup;
			children = (
				E1ABDC351FEB8BBA00788884 /* Assets.xcassets */,
				E1ABDC371FEB8BBA00788884 /* LaunchScreen.storyboard */,
			);
			path = "Supporting Files";
			sourceTree = "<group>";
		};
		E1ABDC221FEB8BBA00788884 = {
			isa = PBXGroup;
			children = (
				E1ABDC2D1FEB8BBA00788884 /* Todoey */,
				E1ABDC2C1FEB8BBA00788884 /* Products */,
				B5A8E3946935F83B4A30B676 /* Pods */,
				14C5F66CAB688B30BA24F990 /* Frameworks */,
			);
			sourceTree = "<group>";
		};
		E1ABDC2C1FEB8BBA00788884 /* Products */ = {
			isa = PBXGroup;
			children = (
				E1ABDC2B1FEB8BBA00788884 /* Todoey.app */,
			);
			name = Products;
			sourceTree = "<group>";
		};
		E1ABDC2D1FEB8BBA00788884 /* Todoey */ = {
			isa = PBXGroup;
			children = (
				E1ABDC2E1FEB8BBA00788884 /* AppDelegate.swift */,
				E172041B1FF05F52006E67E7 /* Views */,
				E172041A1FF05F48006E67E7 /* Controllers */,
				E17204191FF05F24006E67E7 /* Data Model */,
				E172041C1FF05FAC006E67E7 /* Supporting Files */,
				E1ABDC3A1FEB8BBA00788884 /* Info.plist */,
			);
			path = Todoey;
			sourceTree = "<group>";
		};
/* End PBXGroup section */

/* Begin PBXNativeTarget section */
		E1ABDC2A1FEB8BBA00788884 /* Todoey */ = {
			isa = PBXNativeTarget;
			buildConfigurationList = E1ABDC3D1FEB8BBA00788884 /* Build configuration list for PBXNativeTarget "Todoey" */;
			buildPhases = (
				C07E02AEFC398031CF8A797C /* [CP] Check Pods Manifest.lock */,
				E1ABDC271FEB8BBA00788884 /* Sources */,
				E1ABDC281FEB8BBA00788884 /* Frameworks */,
				E1ABDC291FEB8BBA00788884 /* Resources */,
				7934B61AE510A80AC1E5EC06 /* [CP] Embed Pods Frameworks */,
				FB4985A197850E49C53544F6 /* [CP] Copy Pods Resources */,
			);
			buildRules = (
			);
			dependencies = (
			);
			name = Todoey;
			productName = Todoey;
			productReference = E1ABDC2B1FEB8BBA00788884 /* Todoey.app */;
			productType = "com.apple.product-type.application";
		};
/* End PBXNativeTarget section */

/* Begin PBXProject section */
		E1ABDC231FEB8BBA00788884 /* Project object */ = {
			isa = PBXProject;
			attributes = {
				LastSwiftUpdateCheck = 0920;
				LastUpgradeCheck = 0920;
				ORGANIZATIONNAME = "Bryan Heshiki";
				TargetAttributes = {
					E1ABDC2A1FEB8BBA00788884 = {
						CreatedOnToolsVersion = 9.2;
						ProvisioningStyle = Automatic;
					};
				};
			};
			buildConfigurationList = E1ABDC261FEB8BBA00788884 /* Build configuration list for PBXProject "Todoey" */;
			compatibilityVersion = "Xcode 8.0";
			developmentRegion = en;
			hasScannedForEncodings = 0;
			knownRegions = (
				en,
				Base,
			);
			mainGroup = E1ABDC221FEB8BBA00788884;
			productRefGroup = E1ABDC2C1FEB8BBA00788884 /* Products */;
			projectDirPath = "";
			projectRoot = "";
			targets = (
				E1ABDC2A1FEB8BBA00788884 /* Todoey */,
			);
		};
/* End PBXProject section */

/* Begin PBXResourcesBuildPhase section */
		E1ABDC291FEB8BBA00788884 /* Resources */ = {
			isa = PBXResourcesBuildPhase;
			buildActionMask = 2147483647;
			files = (
				E1ABDC391FEB8BBA00788884 /* LaunchScreen.storyboard in Resources */,
				E1ABDC361FEB8BBA00788884 /* Assets.xcassets in Resources */,
				E1ABDC341FEB8BBA00788884 /* Main.storyboard in Resources */,
			);
			runOnlyForDeploymentPostprocessing = 0;
		};
/* End PBXResourcesBuildPhase section */

/* Begin PBXShellScriptBuildPhase section */
		7934B61AE510A80AC1E5EC06 /* [CP] Embed Pods Frameworks */ = {
			isa = PBXShellScriptBuildPhase;
			buildActionMask = 2147483647;
			files = (
			);
			inputPaths = (
				"${SRCROOT}/Pods/Target Support Files/Pods-Todoey/Pods-Todoey-frameworks.sh",
				"${BUILT_PRODUCTS_DIR}/Realm/Realm.framework",
				"${BUILT_PRODUCTS_DIR}/RealmSwift/RealmSwift.framework",
			);
			name = "[CP] Embed Pods Frameworks";
			outputPaths = (
				"${TARGET_BUILD_DIR}/${FRAMEWORKS_FOLDER_PATH}/Realm.framework",
				"${TARGET_BUILD_DIR}/${FRAMEWORKS_FOLDER_PATH}/RealmSwift.framework",
			);
			runOnlyForDeploymentPostprocessing = 0;
			shellPath = /bin/sh;
			shellScript = "\"${SRCROOT}/Pods/Target Support Files/Pods-Todoey/Pods-Todoey-frameworks.sh\"\n";
			showEnvVarsInLog = 0;
		};
		C07E02AEFC398031CF8A797C /* [CP] Check Pods Manifest.lock */ = {
			isa = PBXShellScriptBuildPhase;
			buildActionMask = 2147483647;
			files = (
			);
			inputPaths = (
				"${PODS_PODFILE_DIR_PATH}/Podfile.lock",
				"${PODS_ROOT}/Manifest.lock",
			);
			name = "[CP] Check Pods Manifest.lock";
			outputPaths = (
				"$(DERIVED_FILE_DIR)/Pods-Todoey-checkManifestLockResult.txt",
			);
			runOnlyForDeploymentPostprocessing = 0;
			shellPath = /bin/sh;
			shellScript = "diff \"${PODS_PODFILE_DIR_PATH}/Podfile.lock\" \"${PODS_ROOT}/Manifest.lock\" > /dev/null\nif [ $? != 0 ] ; then\n    # print error to STDERR\n    echo \"error: The sandbox is not in sync with the Podfile.lock. Run 'pod install' or update your CocoaPods installation.\" >&2\n    exit 1\nfi\n# This output is used by Xcode 'outputs' to avoid re-running this script phase.\necho \"SUCCESS\" > \"${SCRIPT_OUTPUT_FILE_0}\"\n";
			showEnvVarsInLog = 0;
		};
		FB4985A197850E49C53544F6 /* [CP] Copy Pods Resources */ = {
			isa = PBXShellScriptBuildPhase;
			buildActionMask = 2147483647;
			files = (
			);
			inputPaths = (
			);
			name = "[CP] Copy Pods Resources";
			outputPaths = (
			);
			runOnlyForDeploymentPostprocessing = 0;
			shellPath = /bin/sh;
			shellScript = "\"${SRCROOT}/Pods/Target Support Files/Pods-Todoey/Pods-Todoey-resources.sh\"\n";
			showEnvVarsInLog = 0;
		};
/* End PBXShellScriptBuildPhase section */

/* Begin PBXSourcesBuildPhase section */
		E1ABDC271FEB8BBA00788884 /* Sources */ = {
			isa = PBXSourcesBuildPhase;
			buildActionMask = 2147483647;
			files = (
				E112CED51FFDAB6B004D0B67 /* Item.swift in Sources */,
				E1A1DCEE1FF995D100D1B950 /* CategoryViewController.swift in Sources */,
				E1ABDC311FEB8BBA00788884 /* TodoListViewController.swift in Sources */,
				E1ABDC2F1FEB8BBA00788884 /* AppDelegate.swift in Sources */,
				E112CED71FFDAB85004D0B67 /* Category.swift in Sources */,
			);
			runOnlyForDeploymentPostprocessing = 0;
		};
/* End PBXSourcesBuildPhase section */

/* Begin PBXVariantGroup section */
		E1ABDC321FEB8BBA00788884 /* Main.storyboard */ = {
			isa = PBXVariantGroup;
			children = (
				E1ABDC331FEB8BBA00788884 /* Base */,
			);
			name = Main.storyboard;
			sourceTree = "<group>";
		};
		E1ABDC371FEB8BBA00788884 /* LaunchScreen.storyboard */ = {
			isa = PBXVariantGroup;
			children = (
				E1ABDC381FEB8BBA00788884 /* Base */,
			);
			name = LaunchScreen.storyboard;
			sourceTree = "<group>";
		};
/* End PBXVariantGroup section */

/* Begin XCBuildConfiguration section */
		E1ABDC3B1FEB8BBA00788884 /* Debug */ = {
			isa = XCBuildConfiguration;
			buildSettings = {
				ALWAYS_SEARCH_USER_PATHS = NO;
				CLANG_ANALYZER_NONNULL = YES;
				CLANG_ANALYZER_NUMBER_OBJECT_CONVERSION = YES_AGGRESSIVE;
				CLANG_CXX_LANGUAGE_STANDARD = "gnu++14";
				CLANG_CXX_LIBRARY = "libc++";
				CLANG_ENABLE_MODULES = YES;
				CLANG_ENABLE_OBJC_ARC = YES;
				CLANG_WARN_BLOCK_CAPTURE_AUTORELEASING = YES;
				CLANG_WARN_BOOL_CONVERSION = YES;
				CLANG_WARN_COMMA = YES;
				CLANG_WARN_CONSTANT_CONVERSION = YES;
				CLANG_WARN_DIRECT_OBJC_ISA_USAGE = YES_ERROR;
				CLANG_WARN_DOCUMENTATION_COMMENTS = YES;
				CLANG_WARN_EMPTY_BODY = YES;
				CLANG_WARN_ENUM_CONVERSION = YES;
				CLANG_WARN_INFINITE_RECURSION = YES;
				CLANG_WARN_INT_CONVERSION = YES;
				CLANG_WARN_NON_LITERAL_NULL_CONVERSION = YES;
				CLANG_WARN_OBJC_LITERAL_CONVERSION = YES;
				CLANG_WARN_OBJC_ROOT_CLASS = YES_ERROR;
				CLANG_WARN_RANGE_LOOP_ANALYSIS = YES;
				CLANG_WARN_STRICT_PROTOTYPES = YES;
				CLANG_WARN_SUSPICIOUS_MOVE = YES;
				CLANG_WARN_UNGUARDED_AVAILABILITY = YES_AGGRESSIVE;
				CLANG_WARN_UNREACHABLE_CODE = YES;
				CLANG_WARN__DUPLICATE_METHOD_MATCH = YES;
				CODE_SIGN_IDENTITY = "iPhone Developer";
				COPY_PHASE_STRIP = NO;
				DEBUG_INFORMATION_FORMAT = dwarf;
				ENABLE_STRICT_OBJC_MSGSEND = YES;
				ENABLE_TESTABILITY = YES;
				GCC_C_LANGUAGE_STANDARD = gnu11;
				GCC_DYNAMIC_NO_PIC = NO;
				GCC_NO_COMMON_BLOCKS = YES;
				GCC_OPTIMIZATION_LEVEL = 0;
				GCC_PREPROCESSOR_DEFINITIONS = (
					"DEBUG=1",
					"$(inherited)",
				);
				GCC_WARN_64_TO_32_BIT_CONVERSION = YES;
				GCC_WARN_ABOUT_RETURN_TYPE = YES_ERROR;
				GCC_WARN_UNDECLARED_SELECTOR = YES;
				GCC_WARN_UNINITIALIZED_AUTOS = YES_AGGRESSIVE;
				GCC_WARN_UNUSED_FUNCTION = YES;
				GCC_WARN_UNUSED_VARIABLE = YES;
				IPHONEOS_DEPLOYMENT_TARGET = 11.2;
				MTL_ENABLE_DEBUG_INFO = YES;
				ONLY_ACTIVE_ARCH = YES;
				SDKROOT = iphoneos;
				SWIFT_ACTIVE_COMPILATION_CONDITIONS = DEBUG;
				SWIFT_OPTIMIZATION_LEVEL = "-Onone";
			};
			name = Debug;
		};
		E1ABDC3C1FEB8BBA00788884 /* Release */ = {
			isa = XCBuildConfiguration;
			buildSettings = {
				ALWAYS_SEARCH_USER_PATHS = NO;
				CLANG_ANALYZER_NONNULL = YES;
				CLANG_ANALYZER_NUMBER_OBJECT_CONVERSION = YES_AGGRESSIVE;
				CLANG_CXX_LANGUAGE_STANDARD = "gnu++14";
				CLANG_CXX_LIBRARY = "libc++";
				CLANG_ENABLE_MODULES = YES;
				CLANG_ENABLE_OBJC_ARC = YES;
				CLANG_WARN_BLOCK_CAPTURE_AUTORELEASING = YES;
				CLANG_WARN_BOOL_CONVERSION = YES;
				CLANG_WARN_COMMA = YES;
				CLANG_WARN_CONSTANT_CONVERSION = YES;
				CLANG_WARN_DIRECT_OBJC_ISA_USAGE = YES_ERROR;
				CLANG_WARN_DOCUMENTATION_COMMENTS = YES;
				CLANG_WARN_EMPTY_BODY = YES;
				CLANG_WARN_ENUM_CONVERSION = YES;
				CLANG_WARN_INFINITE_RECURSION = YES;
				CLANG_WARN_INT_CONVERSION = YES;
				CLANG_WARN_NON_LITERAL_NULL_CONVERSION = YES;
				CLANG_WARN_OBJC_LITERAL_CONVERSION = YES;
				CLANG_WARN_OBJC_ROOT_CLASS = YES_ERROR;
				CLANG_WARN_RANGE_LOOP_ANALYSIS = YES;
				CLANG_WARN_STRICT_PROTOTYPES = YES;
				CLANG_WARN_SUSPICIOUS_MOVE = YES;
				CLANG_WARN_UNGUARDED_AVAILABILITY = YES_AGGRESSIVE;
				CLANG_WARN_UNREACHABLE_CODE = YES;
				CLANG_WARN__DUPLICATE_METHOD_MATCH = YES;
				CODE_SIGN_IDENTITY = "iPhone Developer";
				COPY_PHASE_STRIP = NO;
				DEBUG_INFORMATION_FORMAT = "dwarf-with-dsym";
				ENABLE_NS_ASSERTIONS = NO;
				ENABLE_STRICT_OBJC_MSGSEND = YES;
				GCC_C_LANGUAGE_STANDARD = gnu11;
				GCC_NO_COMMON_BLOCKS = YES;
				GCC_WARN_64_TO_32_BIT_CONVERSION = YES;
				GCC_WARN_ABOUT_RETURN_TYPE = YES_ERROR;
				GCC_WARN_UNDECLARED_SELECTOR = YES;
				GCC_WARN_UNINITIALIZED_AUTOS = YES_AGGRESSIVE;
				GCC_WARN_UNUSED_FUNCTION = YES;
				GCC_WARN_UNUSED_VARIABLE = YES;
				IPHONEOS_DEPLOYMENT_TARGET = 11.2;
				MTL_ENABLE_DEBUG_INFO = NO;
				SDKROOT = iphoneos;
				SWIFT_OPTIMIZATION_LEVEL = "-Owholemodule";
				VALIDATE_PRODUCT = YES;
			};
			name = Release;
		};
		E1ABDC3E1FEB8BBA00788884 /* Debug */ = {
			isa = XCBuildConfiguration;
			baseConfigurationReference = C88973D8B5B0455E69A2B189 /* Pods-Todoey.debug.xcconfig */;
			buildSettings = {
				ASSETCATALOG_COMPILER_APPICON_NAME = AppIcon;
				CODE_SIGN_STYLE = Automatic;
				DEVELOPMENT_TEAM = XBHAYHZW2M;
				INFOPLIST_FILE = Todoey/Info.plist;
				LD_RUNPATH_SEARCH_PATHS = "$(inherited) @executable_path/Frameworks";
				PRODUCT_BUNDLE_IDENTIFIER = com.bheshiki.Todoey;
				PRODUCT_NAME = "$(TARGET_NAME)";
				SWIFT_VERSION = 4.0;
				TARGETED_DEVICE_FAMILY = "1,2";
			};
			name = Debug;
		};
		E1ABDC3F1FEB8BBA00788884 /* Release */ = {
			isa = XCBuildConfiguration;
			baseConfigurationReference = 0F5ABC6D5E78CAFD357F7C44 /* Pods-Todoey.release.xcconfig */;
			buildSettings = {
				ASSETCATALOG_COMPILER_APPICON_NAME = AppIcon;
				CODE_SIGN_STYLE = Automatic;
				DEVELOPMENT_TEAM = XBHAYHZW2M;
				INFOPLIST_FILE = Todoey/Info.plist;
				LD_RUNPATH_SEARCH_PATHS = "$(inherited) @executable_path/Frameworks";
				PRODUCT_BUNDLE_IDENTIFIER = com.bheshiki.Todoey;
				PRODUCT_NAME = "$(TARGET_NAME)";
				SWIFT_VERSION = 4.0;
				TARGETED_DEVICE_FAMILY = "1,2";
			};
			name = Release;
		};
/* End XCBuildConfiguration section */

/* Begin XCConfigurationList section */
		E1ABDC261FEB8BBA00788884 /* Build configuration list for PBXProject "Todoey" */ = {
			isa = XCConfigurationList;
			buildConfigurations = (
				E1ABDC3B1FEB8BBA00788884 /* Debug */,
				E1ABDC3C1FEB8BBA00788884 /* Release */,
			);
			defaultConfigurationIsVisible = 0;
			defaultConfigurationName = Release;
		};
		E1ABDC3D1FEB8BBA00788884 /* Build configuration list for PBXNativeTarget "Todoey" */ = {
			isa = XCConfigurationList;
			buildConfigurations = (
				E1ABDC3E1FEB8BBA00788884 /* Debug */,
				E1ABDC3F1FEB8BBA00788884 /* Release */,
			);
			defaultConfigurationIsVisible = 0;
			defaultConfigurationName = Release;
		};
/* End XCConfigurationList section */
	};
	rootObject = E1ABDC231FEB8BBA00788884 /* Project object */;
}
